{
  "nodes": {
    "darwin": {
      "inputs": {
        "nixpkgs": [
          "stable"
        ]
      },
      "locked": {
        "lastModified": 1692248770,
        "narHash": "sha256-tZeFpETKQGbgnaSIO1AGWD27IyTcBm4D+A9d7ulQ4NM=",
        "owner": "LnL7",
        "repo": "nix-darwin",
        "rev": "511177ffe8226c78c9cf6a92a7b5f2df3684956b",
        "type": "github"
      },
      "original": {
        "owner": "LnL7",
        "ref": "master",
        "repo": "nix-darwin",
        "type": "github"
      }
    },
    "fenix": {
      "inputs": {
        "nixpkgs": [
          "stable"
        ],
        "rust-analyzer-src": "rust-analyzer-src"
      },
      "locked": {
        "lastModified": 1692253212,
        "narHash": "sha256-vLwYUD/TjjVx9dkuQMIL0la+VpuqwFohzGFn+3AGq+k=",
        "owner": "nix-community",
        "repo": "fenix",
        "rev": "5d85dc369f8ee47f1cef83999d0de4bb18def5d2",
        "type": "github"
      },
      "original": {
        "owner": "nix-community",
        "repo": "fenix",
        "type": "github"
      }
    },
    "flake-compat": {
      "flake": false,
      "locked": {
        "lastModified": 1673956053,
        "narHash": "sha256-4gtG9iQuiKITOjNQQeQIpoIB6b16fm+504Ch3sNKLd8=",
        "owner": "edolstra",
        "repo": "flake-compat",
        "rev": "35bb57c0c8d8b62bbfd284272c928ceb64ddbde9",
        "type": "github"
      },
      "original": {
        "owner": "edolstra",
        "repo": "flake-compat",
        "type": "github"
      }
    },
    "flake-utils": {
      "locked": {
        "lastModified": 1644229661,
        "narHash": "sha256-1YdnJAsNy69bpcjuoKdOYQX0YxZBiCYZo4Twxerqv7k=",
        "owner": "numtide",
        "repo": "flake-utils",
        "rev": "3cecb5b042f7f209c56ffd8371b2711a290ec797",
        "type": "github"
      },
      "original": {
        "owner": "numtide",
        "repo": "flake-utils",
        "type": "github"
      }
    },
    "flake-utils_2": {
      "inputs": {
        "systems": "systems"
      },
      "locked": {
        "lastModified": 1681202837,
        "narHash": "sha256-H+Rh19JDwRtpVPAWp64F+rlEtxUWBAQW28eAi3SRSzg=",
        "owner": "numtide",
        "repo": "flake-utils",
        "rev": "cfacdce06f30d2b68473a46042957675eebb3401",
        "type": "github"
      },
      "original": {
        "owner": "numtide",
        "repo": "flake-utils",
        "type": "github"
      }
    },
    "hardware": {
      "locked": {
        "lastModified": 1691871742,
        "narHash": "sha256-6yDNjfbAMpwzWL4y75fxs6beXHRANfYX8BNSPjYehck=",
        "owner": "NixOS",
        "repo": "nixos-hardware",
        "rev": "430a56dd16fe583a812b2df44dca002acab2f4f6",
        "type": "github"
      },
      "original": {
        "owner": "NixOS",
        "ref": "master",
        "repo": "nixos-hardware",
        "type": "github"
      }
    },
    "hm": {
      "inputs": {
        "nixpkgs": [
          "stable"
        ]
      },
      "locked": {
        "lastModified": 1692099905,
        "narHash": "sha256-/pSusGhmIdSdAaywQRFA5dVbfdIzlWQTecM+E46+cJ0=",
        "owner": "nix-community",
        "repo": "home-manager",
        "rev": "2a6679aa9cc3872c29ba2a57fe1b71b3e3c5649f",
        "type": "github"
      },
      "original": {
        "owner": "nix-community",
        "ref": "release-23.05",
        "repo": "home-manager",
        "type": "github"
      }
    },
    "nix-index": {
      "inputs": {
        "nixpkgs": [
          "stable"
        ]
      },
      "locked": {
        "lastModified": 1691897365,
        "narHash": "sha256-jvWIU4ht3YAmF8TDVM2Ps2+Gf4MtNGLL1zEWQZdTrzU=",
        "owner": "Mic92",
        "repo": "nix-index-database",
        "rev": "f4d70d098f066a30c7087144063dca179495f7d6",
        "type": "github"
      },
      "original": {
        "owner": "Mic92",
        "repo": "nix-index-database",
        "type": "github"
      }
    },
    "persistence": {
      "locked": {
        "lastModified": 1690797372,
        "narHash": "sha256-GImz19e33SeVcIvBB7NnhbJSbTpFFmNtWLh7Z85Y188=",
        "owner": "nix-community",
        "repo": "impermanence",
        "rev": "e3a7acd113903269a1b5c8b527e84ce7ee859851",
        "type": "github"
      },
      "original": {
        "owner": "nix-community",
        "repo": "impermanence",
        "type": "github"
      }
    },
    "root": {
      "inputs": {
        "darwin": "darwin",
        "fenix": "fenix",
        "hardware": "hardware",
        "hm": "hm",
        "nix-index": "nix-index",
        "persistence": "persistence",
        "stable": "stable",
        "unstable": "unstable",
        "utils": "utils",
        "vscode-extensions": "vscode-extensions"
      }
    },
    "rust-analyzer-src": {
      "flake": false,
      "locked": {
        "lastModified": 1692173342,
        "narHash": "sha256-0JgH5lhg0AaUYeEqVAfWnVJPwOFu0dbvDVGIb0F9kUA=",
        "owner": "rust-lang",
        "repo": "rust-analyzer",
        "rev": "e69b96bd40a47d7919894e3220f9d43698888a84",
        "type": "github"
      },
      "original": {
        "owner": "rust-lang",
        "ref": "nightly",
        "repo": "rust-analyzer",
        "type": "github"
      }
    },
    "stable": {
      "locked": {
        "lastModified": 1692207601,
        "narHash": "sha256-tfPGNKQcJT1cvT6ufqO/7ydYNL6mcJClvzbrzhKjB80=",
        "owner": "nixos",
        "repo": "nixpkgs",
        "rev": "b30c68669df77d981ce4aefd6b9d378563f6fc4e",
        "type": "github"
      },
      "original": {
        "owner": "nixos",
        "ref": "nixos-23.05",
        "repo": "nixpkgs",
        "type": "github"
      }
    },
    "systems": {
      "locked": {
        "lastModified": 1681028828,
        "narHash": "sha256-Vy1rq5AaRuLzOxct8nz4T6wlgyUR7zLU309k9mBC768=",
        "owner": "nix-systems",
        "repo": "default",
        "rev": "da67096a3b9bf56a91d16901293e51ba5b49a27e",
        "type": "github"
      },
      "original": {
        "owner": "nix-systems",
        "repo": "default",
        "type": "github"
      }
    },
    "unstable": {
      "locked": {
        "lastModified": 1692174805,
        "narHash": "sha256-xmNPFDi/AUMIxwgOH/IVom55Dks34u1g7sFKKebxUm0=",
        "owner": "nixos",
        "repo": "nixpkgs",
        "rev": "caac0eb6bdcad0b32cb2522e03e4002c8975c62e",
        "type": "github"
      },
      "original": {
        "owner": "nixos",
        "ref": "nixos-unstable",
        "repo": "nixpkgs",
        "type": "github"
      }
    },
    "utils": {
      "inputs": {
        "flake-utils": "flake-utils"
      },
      "locked": {
        "lastModified": 1657226504,
        "narHash": "sha256-GIYNjuq4mJlFgqKsZ+YrgzWm0IpA4axA3MCrdKYj7gs=",
        "owner": "gytis-ivaskevicius",
        "repo": "flake-utils-plus",
        "rev": "2bf0f91643c2e5ae38c1b26893ac2927ac9bd82a",
        "type": "github"
      },
      "original": {
        "owner": "gytis-ivaskevicius",
        "repo": "flake-utils-plus",
        "type": "github"
      }
    },
    "vscode-extensions": {
      "inputs": {
        "flake-compat": "flake-compat",
        "flake-utils": "flake-utils_2",
        "nixpkgs": [
          "stable"
        ]
      },
      "locked": {
        "lastModified": 1692235382,
        "narHash": "sha256-T+mR2Jh9x2S94VzuRJxorRUcEIShuXtECCzvmbLRuyY=",
        "owner": "nix-community",
        "repo": "nix-vscode-extensions",
        "rev": "953c8a9f3ecafdea6cdcd112d997f4a23cf50b7f",
        "type": "github"
      },
      "original": {
        "owner": "nix-community",
        "repo": "nix-vscode-extensions",
        "type": "github"
      }
    }
  },
  "root": "root",
  "version": 7
}
